// !$*UTF8*$!
{
	archiveVersion = 1;
	classes = {
	};
	objectVersion = 46;
	objects = {

/* Begin PBXBuildFile section */
		4855B77C193E2D7300817128 /* AppDelegate.swift in Sources */ = {isa = PBXBuildFile; fileRef = 4855B77B193E2D7300817128 /* AppDelegate.swift */; };
		4855B77E193E2D7300817128 /* ViewController.swift in Sources */ = {isa = PBXBuildFile; fileRef = 4855B77D193E2D7300817128 /* ViewController.swift */; };
		4855B781193E2D7300817128 /* Main.storyboard in Resources */ = {isa = PBXBuildFile; fileRef = 4855B77F193E2D7300817128 /* Main.storyboard */; };
		4855B783193E2D7300817128 /* Images.xcassets in Resources */ = {isa = PBXBuildFile; fileRef = 4855B782193E2D7300817128 /* Images.xcassets */; };
		4855B78F193E2D7300817128 /* CollectionViewTests.swift in Sources */ = {isa = PBXBuildFile; fileRef = 4855B78E193E2D7300817128 /* CollectionViewTests.swift */; };
/* End PBXBuildFile section */

/* Begin PBXContainerItemProxy section */
		4855B789193E2D7300817128 /* PBXContainerItemProxy */ = {
			isa = PBXContainerItemProxy;
			containerPortal = 4855B76E193E2D7300817128 /* Project object */;
			proxyType = 1;
			remoteGlobalIDString = 4855B775193E2D7300817128;
			remoteInfo = CollectionView;
		};
/* End PBXContainerItemProxy section */

/* Begin PBXFileReference section */
		4855B776193E2D7300817128 /* CollectionView.app */ = {isa = PBXFileReference; explicitFileType = wrapper.application; includeInIndex = 0; path = CollectionView.app; sourceTree = BUILT_PRODUCTS_DIR; };
		4855B77A193E2D7300817128 /* Info.plist */ = {isa = PBXFileReference; lastKnownFileType = text.plist.xml; path = Info.plist; sourceTree = "<group>"; };
		4855B77B193E2D7300817128 /* AppDelegate.swift */ = {isa = PBXFileReference; lastKnownFileType = sourcecode.swift; path = AppDelegate.swift; sourceTree = "<group>"; };
		4855B77D193E2D7300817128 /* ViewController.swift */ = {isa = PBXFileReference; lastKnownFileType = sourcecode.swift; path = ViewController.swift; sourceTree = "<group>"; };
		4855B780193E2D7300817128 /* Base */ = {isa = PBXFileReference; lastKnownFileType = file.storyboard; name = Base; path = Base.lproj/Main.storyboard; sourceTree = "<group>"; };
		4855B782193E2D7300817128 /* Images.xcassets */ = {isa = PBXFileReference; lastKnownFileType = folder.assetcatalog; path = Images.xcassets; sourceTree = "<group>"; };
		4855B788193E2D7300817128 /* CollectionViewTests.xctest */ = {isa = PBXFileReference; explicitFileType = wrapper.cfbundle; includeInIndex = 0; path = CollectionViewTests.xctest; sourceTree = BUILT_PRODUCTS_DIR; };
		4855B78D193E2D7300817128 /* Info.plist */ = {isa = PBXFileReference; lastKnownFileType = text.plist.xml; path = Info.plist; sourceTree = "<group>"; };
		4855B78E193E2D7300817128 /* CollectionViewTests.swift */ = {isa = PBXFileReference; lastKnownFileType = sourcecode.swift; path = CollectionViewTests.swift; sourceTree = "<group>"; };
/* End PBXFileReference section */

/* Begin PBXFrameworksBuildPhase section */
		4855B773193E2D7300817128 /* Frameworks */ = {
			isa = PBXFrameworksBuildPhase;
			buildActionMask = 2147483647;
			files = (
			);
			runOnlyForDeploymentPostprocessing = 0;
		};
		4855B785193E2D7300817128 /* Frameworks */ = {
			isa = PBXFrameworksBuildPhase;
			buildActionMask = 2147483647;
			files = (
			);
			runOnlyForDeploymentPostprocessing = 0;
		};
/* End PBXFrameworksBuildPhase section */

/* Begin PBXGroup section */
		4855B76D193E2D7300817128 = {
			isa = PBXGroup;
			children = (
				4855B778193E2D7300817128 /* CollectionView */,
				4855B78B193E2D7300817128 /* CollectionViewTests */,
				4855B777193E2D7300817128 /* Products */,
			);
			sourceTree = "<group>";
		};
		4855B777193E2D7300817128 /* Products */ = {
			isa = PBXGroup;
			children = (
				4855B776193E2D7300817128 /* CollectionView.app */,
				4855B788193E2D7300817128 /* CollectionViewTests.xctest */,
			);
			name = Products;
			sourceTree = "<group>";
		};
		4855B778193E2D7300817128 /* CollectionView */ = {
			isa = PBXGroup;
			children = (
				4855B77B193E2D7300817128 /* AppDelegate.swift */,
				4855B77D193E2D7300817128 /* ViewController.swift */,
				4855B77F193E2D7300817128 /* Main.storyboard */,
				4855B782193E2D7300817128 /* Images.xcassets */,
				4855B779193E2D7300817128 /* Supporting Files */,
			);
			path = CollectionView;
			sourceTree = "<group>";
		};
		4855B779193E2D7300817128 /* Supporting Files */ = {
			isa = PBXGroup;
			children = (
				4855B77A193E2D7300817128 /* Info.plist */,
			);
			name = "Supporting Files";
			sourceTree = "<group>";
		};
		4855B78B193E2D7300817128 /* CollectionViewTests */ = {
			isa = PBXGroup;
			children = (
				4855B78E193E2D7300817128 /* CollectionViewTests.swift */,
				4855B78C193E2D7300817128 /* Supporting Files */,
			);
			path = CollectionViewTests;
			sourceTree = "<group>";
		};
		4855B78C193E2D7300817128 /* Supporting Files */ = {
			isa = PBXGroup;
			children = (
				4855B78D193E2D7300817128 /* Info.plist */,
			);
			name = "Supporting Files";
			sourceTree = "<group>";
		};
/* End PBXGroup section */

/* Begin PBXNativeTarget section */
		4855B775193E2D7300817128 /* CollectionView */ = {
			isa = PBXNativeTarget;
			buildConfigurationList = 4855B792193E2D7300817128 /* Build configuration list for PBXNativeTarget "CollectionView" */;
			buildPhases = (
				4855B772193E2D7300817128 /* Sources */,
				4855B773193E2D7300817128 /* Frameworks */,
				4855B774193E2D7300817128 /* Resources */,
			);
			buildRules = (
			);
			dependencies = (
			);
			name = CollectionView;
			productName = CollectionView;
			productReference = 4855B776193E2D7300817128 /* CollectionView.app */;
			productType = "com.apple.product-type.application";
		};
		4855B787193E2D7300817128 /* CollectionViewTests */ = {
			isa = PBXNativeTarget;
			buildConfigurationList = 4855B795193E2D7300817128 /* Build configuration list for PBXNativeTarget "CollectionViewTests" */;
			buildPhases = (
				4855B784193E2D7300817128 /* Sources */,
				4855B785193E2D7300817128 /* Frameworks */,
				4855B786193E2D7300817128 /* Resources */,
			);
			buildRules = (
			);
			dependencies = (
				4855B78A193E2D7300817128 /* PBXTargetDependency */,
			);
			name = CollectionViewTests;
			productName = CollectionViewTests;
			productReference = 4855B788193E2D7300817128 /* CollectionViewTests.xctest */;
			productType = "com.apple.product-type.bundle.unit-test";
		};
/* End PBXNativeTarget section */

/* Begin PBXProject section */
		4855B76E193E2D7300817128 /* Project object */ = {
			isa = PBXProject;
			attributes = {
				LastUpgradeCheck = 0600;
				ORGANIZATIONNAME = "Michael Babiy";
				TargetAttributes = {
					4855B775193E2D7300817128 = {
						CreatedOnToolsVersion = 6.0;
					};
					4855B787193E2D7300817128 = {
						CreatedOnToolsVersion = 6.0;
						TestTargetID = 4855B775193E2D7300817128;
					};
				};
			};
			buildConfigurationList = 4855B771193E2D7300817128 /* Build configuration list for PBXProject "CollectionView" */;
			compatibilityVersion = "Xcode 3.2";
			developmentRegion = English;
			hasScannedForEncodings = 0;
			knownRegions = (
				en,
				Base,
			);
			mainGroup = 4855B76D193E2D7300817128;
			productRefGroup = 4855B777193E2D7300817128 /* Products */;
			projectDirPath = "";
			projectRoot = "";
			targets = (
				4855B775193E2D7300817128 /* CollectionView */,
				4855B787193E2D7300817128 /* CollectionViewTests */,
			);
		};
/* End PBXProject section */

/* Begin PBXResourcesBuildPhase section */
		4855B774193E2D7300817128 /* Resources */ = {
			isa = PBXResourcesBuildPhase;
			buildActionMask = 2147483647;
			files = (
				4855B781193E2D7300817128 /* Main.storyboard in Resources */,
				4855B783193E2D7300817128 /* Images.xcassets in Resources */,
			);
			runOnlyForDeploymentPostprocessing = 0;
		};
		4855B786193E2D7300817128 /* Resources */ = {
			isa = PBXResourcesBuildPhase;
			buildActionMask = 2147483647;
			files = (
			);
			runOnlyForDeploymentPostprocessing = 0;
		};
/* End PBXResourcesBuildPhase section */

/* Begin PBXSourcesBuildPhase section */
		4855B772193E2D7300817128 /* Sources */ = {
			isa = PBXSourcesBuildPhase;
			buildActionMask = 2147483647;
			files = (
				4855B77E193E2D7300817128 /* ViewController.swift in Sources */,
				4855B77C193E2D7300817128 /* AppDelegate.swift in Sources */,
			);
			runOnlyForDeploymentPostprocessing = 0;
		};
		4855B784193E2D7300817128 /* Sources */ = {
			isa = PBXSourcesBuildPhase;
			buildActionMask = 2147483647;
			files = (
				4855B78F193E2D7300817128 /* CollectionViewTests.swift in Sources */,
			);
			runOnlyForDeploymentPostprocessing = 0;
		};
/* End PBXSourcesBuildPhase section */

/* Begin PBXTargetDependency section */
		4855B78A193E2D7300817128 /* PBXTargetDependency */ = {
			isa = PBXTargetDependency;
			target = 4855B775193E2D7300817128 /* CollectionView */;
			targetProxy = 4855B789193E2D7300817128 /* PBXContainerItemProxy */;
		};
/* End PBXTargetDependency section */

/* Begin PBXVariantGroup section */
		4855B77F193E2D7300817128 /* Main.storyboard */ = {
			isa = PBXVariantGroup;
			children = (
				4855B780193E2D7300817128 /* Base */,
			);
			name = Main.storyboard;
			sourceTree = "<group>";
		};
/* End PBXVariantGroup section */

/* Begin XCBuildConfiguration section */
		4855B790193E2D7300817128 /* Debug */ = {
			isa = XCBuildConfiguration;
			buildSettings = {
				ALWAYS_SEARCH_USER_PATHS = NO;
				CLANG_CXX_LANGUAGE_STANDARD = "gnu++0x";
				CLANG_CXX_LIBRARY = "libc++";
				CLANG_ENABLE_MODULES = YES;
				CLANG_ENABLE_OBJC_ARC = YES;
				CLANG_WARN_BOOL_CONVERSION = YES;
				CLANG_WARN_CONSTANT_CONVERSION = YES;
				CLANG_WARN_DIRECT_OBJC_ISA_USAGE = YES_ERROR;
				CLANG_WARN_EMPTY_BODY = YES;
				CLANG_WARN_ENUM_CONVERSION = YES;
				CLANG_WARN_INT_CONVERSION = YES;
				CLANG_WARN_OBJC_ROOT_CLASS = YES_ERROR;
				CLANG_WARN_UNREACHABLE_CODE = YES;
				CLANG_WARN__DUPLICATE_METHOD_MATCH = YES;
				"CODE_SIGN_IDENTITY[sdk=iphoneos*]" = "iPhone Developer";
				COPY_PHASE_STRIP = NO;
				ENABLE_STRICT_OBJC_MSGSEND = YES;
				GCC_C_LANGUAGE_STANDARD = gnu99;
				GCC_DYNAMIC_NO_PIC = NO;
				GCC_OPTIMIZATION_LEVEL = 0;
				GCC_PREPROCESSOR_DEFINITIONS = (
					"DEBUG=1",
					"$(inherited)",
				);
				GCC_SYMBOLS_PRIVATE_EXTERN = NO;
				GCC_WARN_64_TO_32_BIT_CONVERSION = YES;
				GCC_WARN_ABOUT_RETURN_TYPE = YES_ERROR;
				GCC_WARN_UNDECLARED_SELECTOR = YES;
				GCC_WARN_UNINITIALIZED_AUTOS = YES_AGGRESSIVE;
				GCC_WARN_UNUSED_FUNCTION = YES;
				GCC_WARN_UNUSED_VARIABLE = YES;
				IPHONEOS_DEPLOYMENT_TARGET = 8.0;
				METAL_ENABLE_DEBUG_INFO = YES;
				ONLY_ACTIVE_ARCH = YES;
				SDKROOT = iphoneos;
				SWIFT_OPTIMIZATION_LEVEL = "-Onone";
			};
			name = Debug;
		};
		4855B791193E2D7300817128 /* Release */ = {
			isa = XCBuildConfiguration;
			buildSettings = {
				ALWAYS_SEARCH_USER_PATHS = NO;
				CLANG_CXX_LANGUAGE_STANDARD = "gnu++0x";
				CLANG_CXX_LIBRARY = "libc++";
				CLANG_ENABLE_MODULES = YES;
				CLANG_ENABLE_OBJC_ARC = YES;
				CLANG_WARN_BOOL_CONVERSION = YES;
				CLANG_WARN_CONSTANT_CONVERSION = YES;
				CLANG_WARN_DIRECT_OBJC_ISA_USAGE = YES_ERROR;
				CLANG_WARN_EMPTY_BODY = YES;
				CLANG_WARN_ENUM_CONVERSION = YES;
				CLANG_WARN_INT_CONVERSION = YES;
				CLANG_WARN_OBJC_ROOT_CLASS = YES_ERROR;
				CLANG_WARN_UNREACHABLE_CODE = YES;
				CLANG_WARN__DUPLICATE_METHOD_MATCH = YES;
				"CODE_SIGN_IDENTITY[sdk=iphoneos*]" = "iPhone Developer";
				COPY_PHASE_STRIP = YES;
				ENABLE_NS_ASSERTIONS = NO;
				ENABLE_STRICT_OBJC_MSGSEND = YES;
				GCC_C_LANGUAGE_STANDARD = gnu99;
				GCC_WARN_64_TO_32_BIT_CONVERSION = YES;
				GCC_WARN_ABOUT_RETURN_TYPE = YES_ERROR;
				GCC_WARN_UNDECLARED_SELECTOR = YES;
				GCC_WARN_UNINITIALIZED_AUTOS = YES_AGGRESSIVE;
				GCC_WARN_UNUSED_FUNCTION = YES;
				GCC_WARN_UNUSED_VARIABLE = YES;
				IPHONEOS_DEPLOYMENT_TARGET = 8.0;
				METAL_ENABLE_DEBUG_INFO = NO;
				SDKROOT = iphoneos;
				VALIDATE_PRODUCT = YES;
			};
			name = Release;
		};
		4855B793193E2D7300817128 /* Debug */ = {
			isa = XCBuildConfiguration;
			buildSettings = {
				ASSETCATALOG_COMPILER_APPICON_NAME = AppIcon;
				ASSETCATALOG_COMPILER_LAUNCHIMAGE_NAME = LaunchImage;
				INFOPLIST_FILE = CollectionView/Info.plist;
				LD_RUNPATH_SEARCH_PATHS = "$(inherited) @executable_path/Frameworks";
				PRODUCT_NAME = "$(TARGET_NAME)";
			};
			name = Debug;
		};
		4855B794193E2D7300817128 /* Release */ = {
			isa = XCBuildConfiguration;
			buildSettings = {
				ASSETCATALOG_COMPILER_APPICON_NAME = AppIcon;
				ASSETCATALOG_COMPILER_LAUNCHIMAGE_NAME = LaunchImage;
				INFOPLIST_FILE = CollectionView/Info.plist;
				LD_RUNPATH_SEARCH_PATHS = "$(inherited) @executable_path/Frameworks";
				PRODUCT_NAME = "$(TARGET_NAME)";
			};
			name = Release;
		};
		4855B796193E2D7300817128 /* Debug */ = {
			isa = XCBuildConfiguration;
			buildSettings = {
				BUNDLE_LOADER = "$(BUILT_PRODUCTS_DIR)/CollectionView.app/CollectionView";
				FRAMEWORK_SEARCH_PATHS = (
					"$(SDKROOT)/Developer/Library/Frameworks",
					"$(inherited)",
				);
				GCC_PREPROCESSOR_DEFINITIONS = (
					"DEBUG=1",
					"$(inherited)",
				);
				INFOPLIST_FILE = CollectionViewTests/Info.plist;
				LD_RUNPATH_SEARCH_PATHS = "$(inherited) @executable_path/Frameworks @loader_path/Frameworks";
				METAL_ENABLE_DEBUG_INFO = YES;
				PRODUCT_NAME = "$(TARGET_NAME)";
				TEST_HOST = "$(BUNDLE_LOADER)";
			};
			name = Debug;
		};
		4855B797193E2D7300817128 /* Release */ = {
			isa = XCBuildConfiguration;
			buildSettings = {
				BUNDLE_LOADER = "$(BUILT_PRODUCTS_DIR)/CollectionView.app/CollectionView";
				FRAMEWORK_SEARCH_PATHS = (
					"$(SDKROOT)/Developer/Library/Frameworks",
					"$(inherited)",
				);
				INFOPLIST_FILE = CollectionViewTests/Info.plist;
				LD_RUNPATH_SEARCH_PATHS = "$(inherited) @executable_path/Frameworks @loader_path/Frameworks";
				METAL_ENABLE_DEBUG_INFO = NO;
				PRODUCT_NAME = "$(TARGET_NAME)";
				TEST_HOST = "$(BUNDLE_LOADER)";
			};
			name = Release;
		};
/* End XCBuildConfiguration section */

/* Begin XCConfigurationList section */
		4855B771193E2D7300817128 /* Build configuration list for PBXProject "CollectionView" */ = {
			isa = XCConfigurationList;
			buildConfigurations = (
				4855B790193E2D7300817128 /* Debug */,
				4855B791193E2D7300817128 /* Release */,
			);
			defaultConfigurationIsVisible = 0;
			defaultConfigurationName = Release;
		};
		4855B792193E2D7300817128 /* Build configuration list for PBXNativeTarget "CollectionView" */ = {
			isa = XCConfigurationList;
			buildConfigurations = (
				4855B793193E2D7300817128 /* Debug */,
				4855B794193E2D7300817128 /* Release */,
			);
			defaultConfigurationIsVisible = 0;
		};
		4855B795193E2D7300817128 /* Build configuration list for PBXNativeTarget "CollectionViewTests" */ = {
			isa = XCConfigurationList;
			buildConfigurations = (
				4855B796193E2D7300817128 /* Debug */,
				4855B797193E2D7300817128 /* Release */,
			);
			defaultConfigurationIsVisible = 0;
		};
/* End XCConfigurationList section */
	};
	rootObject = 4855B76E193E2D7300817128 /* Project object */;
}
